
Microsoft Visual Studio Solution File, Format Version 12.00
# Visual Studio Version 16
VisualStudioVersion = 16.0.29001.49
MinimumVisualStudioVersion = 10.0.40219.1
Project("{FAE04EC0-301F-11D3-BF4B-00C04F79EFBC}") = "Constructores2", "Constructores2.csproj", "{8CC9D506-5F06-4609-9EF3-2A11878EAE99}"
EndProject
Global
	GlobalSection(SolutionConfigurationPlatforms) = preSolution
		Debug|Any CPU = Debug|Any CPU
		Release|Any CPU = Release|Any CPU
	EndGlobalSection
	GlobalSection(ProjectConfigurationPlatforms) = postSolution
		{8CC9D506-5F06-4609-9EF3-2A11878EAE99}.Debug|Any CPU.ActiveCfg = Debug|Any CPU
		{8CC9D506-5F06-4609-9EF3-2A11878EAE99}.Debug|Any CPU.Build.0 = Debug|Any CPU
		{8CC9D506-5F06-4609-9EF3-2A11878EAE99}.Release|Any CPU.ActiveCfg = Release|Any CPU
		{8CC9D506-5F06-4609-9EF3-2A11878EAE99}.Release|Any CPU.Build.0 = Release|Any CPU
	EndGlobalSection
	GlobalSection(SolutionProperties) = preSolution
		HideSolutionNode = FALSE
	EndGlobalSection
	GlobalSection(ExtensibilityGlobals) = postSolution
		SolutionGuid = {8893E9F6-76EC-47ED-8F9A-9870431624C1}
	EndGlobalSection
EndGlobal
